// !$*UTF8*$!
{
	archiveVersion = 1;
	classes = {
	};
	objectVersion = 48;
	objects = {

/* Begin PBXBuildFile section */
		7501C44B20D59DAB00DDD9D1 /* ImageMosaicView.xib in Resources */ = {isa = PBXBuildFile; fileRef = 7501C44A20D59DAB00DDD9D1 /* ImageMosaicView.xib */; };
		7501C44D20D5A06500DDD9D1 /* ImageMosaicView.swift in Sources */ = {isa = PBXBuildFile; fileRef = 7501C44C20D5A06500DDD9D1 /* ImageMosaicView.swift */; };
		750A2D8620C5A035005937AD /* ProjectNewsCell.xib in Resources */ = {isa = PBXBuildFile; fileRef = 750A2D8520C5A035005937AD /* ProjectNewsCell.xib */; };
		7513ECFF20BF1E8C001D79EA /* ProjectCell.swift in Sources */ = {isa = PBXBuildFile; fileRef = 7513ECFE20BF1E8C001D79EA /* ProjectCell.swift */; };
		7517903A204EFD1A00476E17 /* AppDelegate.swift in Sources */ = {isa = PBXBuildFile; fileRef = 75179039204EFD1A00476E17 /* AppDelegate.swift */; };
		7517903C204EFD1A00476E17 /* HomeTabVC.swift in Sources */ = {isa = PBXBuildFile; fileRef = 7517903B204EFD1A00476E17 /* HomeTabVC.swift */; };
		7517903F204EFD1A00476E17 /* Main.storyboard in Resources */ = {isa = PBXBuildFile; fileRef = 7517903D204EFD1A00476E17 /* Main.storyboard */; };
		75179044204EFD1A00476E17 /* LaunchScreen.storyboard in Resources */ = {isa = PBXBuildFile; fileRef = 75179042204EFD1A00476E17 /* LaunchScreen.storyboard */; };
		751E4903209AE697003CDAE1 /* RecoverPasswordVC.swift in Sources */ = {isa = PBXBuildFile; fileRef = 751E4902209AE697003CDAE1 /* RecoverPasswordVC.swift */; };
		7523F62E20B023E8005D8CEA /* AuthService.swift in Sources */ = {isa = PBXBuildFile; fileRef = 7523F62D20B023E8005D8CEA /* AuthService.swift */; };
		7523F63020B02446005D8CEA /* User.swift in Sources */ = {isa = PBXBuildFile; fileRef = 7523F62F20B02446005D8CEA /* User.swift */; };
		7523F63220B04650005D8CEA /* DataService.swift in Sources */ = {isa = PBXBuildFile; fileRef = 7523F63120B04650005D8CEA /* DataService.swift */; };
		7523F64020B071AC005D8CEA /* RegistrationVC.swift in Sources */ = {isa = PBXBuildFile; fileRef = 7523F63F20B071AC005D8CEA /* RegistrationVC.swift */; };
		75246D96205059030015D506 /* SnapshotConvertible.swift in Sources */ = {isa = PBXBuildFile; fileRef = 75246D95205059030015D506 /* SnapshotConvertible.swift */; };
		752B3D2920C6AFBD002A7603 /* NewsCellContainerTableVC.swift in Sources */ = {isa = PBXBuildFile; fileRef = 752B3D2820C6AFBD002A7603 /* NewsCellContainerTableVC.swift */; };
		75308AAD2054481400AB1364 /* AccountTabVC.swift in Sources */ = {isa = PBXBuildFile; fileRef = 75308AAC2054481400AB1364 /* AccountTabVC.swift */; };
		75308AAF2054536E00AB1364 /* NewsCell.swift in Sources */ = {isa = PBXBuildFile; fileRef = 75308AAE2054536E00AB1364 /* NewsCell.swift */; };
		75308AB22054549E00AB1364 /* Functions.swift in Sources */ = {isa = PBXBuildFile; fileRef = 75308AB12054549E00AB1364 /* Functions.swift */; };
		75479B6420B59CC20021B73A /* MainTabBarVC.swift in Sources */ = {isa = PBXBuildFile; fileRef = 75479B6320B59CC20021B73A /* MainTabBarVC.swift */; };
		75479B6820B5AAD20021B73A /* OrgNews.swift in Sources */ = {isa = PBXBuildFile; fileRef = 75479B6720B5AAD20021B73A /* OrgNews.swift */; };
		75479B6A20B5AADD0021B73A /* ProjNews.swift in Sources */ = {isa = PBXBuildFile; fileRef = 75479B6920B5AADD0021B73A /* ProjNews.swift */; };
		7547FCD020C1BFC400FE8E65 /* DonationsTabVC.swift in Sources */ = {isa = PBXBuildFile; fileRef = 7547FCCF20C1BFC400FE8E65 /* DonationsTabVC.swift */; };
		7547FCD420C1C28600FE8E65 /* ConfigureProjectVC.swift in Sources */ = {isa = PBXBuildFile; fileRef = 7547FCD320C1C28600FE8E65 /* ConfigureProjectVC.swift */; };
		7547FCD620C1C6CF00FE8E65 /* NewsTabVC.swift in Sources */ = {isa = PBXBuildFile; fileRef = 7547FCD520C1C6CF00FE8E65 /* NewsTabVC.swift */; };
		755F80E7204F07EB006DAAA5 /* Project.swift in Sources */ = {isa = PBXBuildFile; fileRef = 755F80E6204F07EB006DAAA5 /* Project.swift */; };
		756C772C20BC61120008203F /* ProjectPickerVC.swift in Sources */ = {isa = PBXBuildFile; fileRef = 756C772B20BC61120008203F /* ProjectPickerVC.swift */; };
		757074A320E6AA820040E90D /* NewsDetailsVC.swift in Sources */ = {isa = PBXBuildFile; fileRef = 757074A220E6AA820040E90D /* NewsDetailsVC.swift */; };
		7578DBE020BC797F008892D3 /* ConfigureNewsVC.swift in Sources */ = {isa = PBXBuildFile; fileRef = 7578DBDF20BC797F008892D3 /* ConfigureNewsVC.swift */; };
		758D7EB220B5D02900D84569 /* ProjectsTabVC.swift in Sources */ = {isa = PBXBuildFile; fileRef = 758D7EB120B5D02900D84569 /* ProjectsTabVC.swift */; };
		758D7EB420B5D21D00D84569 /* UIView extension.swift in Sources */ = {isa = PBXBuildFile; fileRef = 758D7EB320B5D21D00D84569 /* UIView extension.swift */; };
		758D7EB620B5D23900D84569 /* UIViewController extension.swift in Sources */ = {isa = PBXBuildFile; fileRef = 758D7EB520B5D23900D84569 /* UIViewController extension.swift */; };
		758D7EB820B5D25000D84569 /* UIColor extension.swift in Sources */ = {isa = PBXBuildFile; fileRef = 758D7EB720B5D25000D84569 /* UIColor extension.swift */; };
		758D7EBC20B5D9B900D84569 /* InfoItem.swift in Sources */ = {isa = PBXBuildFile; fileRef = 758D7EBB20B5D9B900D84569 /* InfoItem.swift */; };
		759DA1B820B723DA001AC827 /* VideoContentContainer.swift in Sources */ = {isa = PBXBuildFile; fileRef = 759DA1B720B723DA001AC827 /* VideoContentContainer.swift */; };
		759DBC4F20D448DE00339582 /* ImageCell.xib in Resources */ = {isa = PBXBuildFile; fileRef = 759DBC4E20D448DE00339582 /* ImageCell.xib */; };
		759DBC5120D4493C00339582 /* ImageCell.swift in Sources */ = {isa = PBXBuildFile; fileRef = 759DBC5020D4493C00339582 /* ImageCell.swift */; };
		75A0968D20E23C4D00090EE5 /* AccountTab.storyboard in Resources */ = {isa = PBXBuildFile; fileRef = 75A0968C20E23C4D00090EE5 /* AccountTab.storyboard */; };
		75A0969020E23D0A00090EE5 /* DonationsTab.storyboard in Resources */ = {isa = PBXBuildFile; fileRef = 75A0968F20E23D0A00090EE5 /* DonationsTab.storyboard */; };
		75A0969220E23D5100090EE5 /* HomeTab.storyboard in Resources */ = {isa = PBXBuildFile; fileRef = 75A0969120E23D5100090EE5 /* HomeTab.storyboard */; };
		75A0969420E23D6300090EE5 /* ProjectsTab.storyboard in Resources */ = {isa = PBXBuildFile; fileRef = 75A0969320E23D6300090EE5 /* ProjectsTab.storyboard */; };
		75A0969620E23D7500090EE5 /* NewsFeedTab.storyboard in Resources */ = {isa = PBXBuildFile; fileRef = 75A0969520E23D7500090EE5 /* NewsFeedTab.storyboard */; };
		75A5F3D6204F00C000137D28 /* News.swift in Sources */ = {isa = PBXBuildFile; fileRef = 75A5F3D5204F00C000137D28 /* News.swift */; };
		75A5F3D8204F00E500137D28 /* ImageContentContainer.swift in Sources */ = {isa = PBXBuildFile; fileRef = 75A5F3D7204F00E500137D28 /* ImageContentContainer.swift */; };
		75A5F3DA204F013C00137D28 /* NewsContainer.swift in Sources */ = {isa = PBXBuildFile; fileRef = 75A5F3D9204F013C00137D28 /* NewsContainer.swift */; };
		75A5F3DE204F01E200137D28 /* Organization.swift in Sources */ = {isa = PBXBuildFile; fileRef = 75A5F3DD204F01E200137D28 /* Organization.swift */; };
		75B0024120C5B74A007B8435 /* ProjectDetailsVC.swift in Sources */ = {isa = PBXBuildFile; fileRef = 75B0024020C5B74A007B8435 /* ProjectDetailsVC.swift */; };
		75BF5D4420978873000AFFB2 /* LoginVC.swift in Sources */ = {isa = PBXBuildFile; fileRef = 75BF5D4320978873000AFFB2 /* LoginVC.swift */; };
		75CCDE6520C6D26A00B79510 /* NotificationSenderService.swift in Sources */ = {isa = PBXBuildFile; fileRef = 75CCDE6420C6D26A00B79510 /* NotificationSenderService.swift */; };
		75CCDE6720C6FE6100B79510 /* OrganizationInfoCell.swift in Sources */ = {isa = PBXBuildFile; fileRef = 75CCDE6620C6FE6100B79510 /* OrganizationInfoCell.swift */; };
		75CCDE6B20C7092F00B79510 /* UIImageView+DownloadImage.swift in Sources */ = {isa = PBXBuildFile; fileRef = 75CCDE6A20C7092F00B79510 /* UIImageView+DownloadImage.swift */; };
		75D8283120D830D70069FFB1 /* ProjectNewsCell.swift in Sources */ = {isa = PBXBuildFile; fileRef = 75D8283020D830D70069FFB1 /* ProjectNewsCell.swift */; };
		75D8283320D831150069FFB1 /* OrganizationNewsCell.swift in Sources */ = {isa = PBXBuildFile; fileRef = 75D8283220D831150069FFB1 /* OrganizationNewsCell.swift */; };
		75D8283520D83A220069FFB1 /* OrganizationNewsCell.xib in Resources */ = {isa = PBXBuildFile; fileRef = 75D8283420D83A220069FFB1 /* OrganizationNewsCell.xib */; };
		75F2365E209CA2F1007AC1D2 /* Assets.xcassets in Resources */ = {isa = PBXBuildFile; fileRef = 75F2365D209CA2F1007AC1D2 /* Assets.xcassets */; };
		75FECA43204EFE8A00003210 /* GoogleService-Info.plist in Resources */ = {isa = PBXBuildFile; fileRef = 75FECA42204EFE8A00003210 /* GoogleService-Info.plist */; };
		84DF44B8240A11C6AFED4CA6 /* Pods_CharityApp.framework in Frameworks */ = {isa = PBXBuildFile; fileRef = 3C2B44918CC1D63D0426659A /* Pods_CharityApp.framework */; };
/* End PBXBuildFile section */

/* Begin PBXFileReference section */
		19A8CD0548096350A1118D67 /* Pods-CharityApp.debug.xcconfig */ = {isa = PBXFileReference; includeInIndex = 1; lastKnownFileType = text.xcconfig; name = "Pods-CharityApp.debug.xcconfig"; path = "Pods/Target Support Files/Pods-CharityApp/Pods-CharityApp.debug.xcconfig"; sourceTree = "<group>"; };
		351D9F021CBE898F11AA1E9E /* Pods-CharityApp.release.xcconfig */ = {isa = PBXFileReference; includeInIndex = 1; lastKnownFileType = text.xcconfig; name = "Pods-CharityApp.release.xcconfig"; path = "Pods/Target Support Files/Pods-CharityApp/Pods-CharityApp.release.xcconfig"; sourceTree = "<group>"; };
		3C2B44918CC1D63D0426659A /* Pods_CharityApp.framework */ = {isa = PBXFileReference; explicitFileType = wrapper.framework; includeInIndex = 0; path = Pods_CharityApp.framework; sourceTree = BUILT_PRODUCTS_DIR; };
		7501C44A20D59DAB00DDD9D1 /* ImageMosaicView.xib */ = {isa = PBXFileReference; lastKnownFileType = file.xib; path = ImageMosaicView.xib; sourceTree = "<group>"; };
		7501C44C20D5A06500DDD9D1 /* ImageMosaicView.swift */ = {isa = PBXFileReference; lastKnownFileType = sourcecode.swift; path = ImageMosaicView.swift; sourceTree = "<group>"; };
		750A2D8520C5A035005937AD /* ProjectNewsCell.xib */ = {isa = PBXFileReference; lastKnownFileType = file.xib; path = ProjectNewsCell.xib; sourceTree = "<group>"; };
		7513ECFE20BF1E8C001D79EA /* ProjectCell.swift */ = {isa = PBXFileReference; lastKnownFileType = sourcecode.swift; path = ProjectCell.swift; sourceTree = "<group>"; };
		75179036204EFD1A00476E17 /* CharityApp.app */ = {isa = PBXFileReference; explicitFileType = wrapper.application; includeInIndex = 0; path = CharityApp.app; sourceTree = BUILT_PRODUCTS_DIR; };
		75179039204EFD1A00476E17 /* AppDelegate.swift */ = {isa = PBXFileReference; lastKnownFileType = sourcecode.swift; path = AppDelegate.swift; sourceTree = "<group>"; };
		7517903B204EFD1A00476E17 /* HomeTabVC.swift */ = {isa = PBXFileReference; lastKnownFileType = sourcecode.swift; path = HomeTabVC.swift; sourceTree = "<group>"; };
		7517903E204EFD1A00476E17 /* Base */ = {isa = PBXFileReference; lastKnownFileType = file.storyboard; name = Base; path = Base.lproj/Main.storyboard; sourceTree = "<group>"; };
		75179043204EFD1A00476E17 /* Base */ = {isa = PBXFileReference; lastKnownFileType = file.storyboard; name = Base; path = Base.lproj/LaunchScreen.storyboard; sourceTree = "<group>"; };
		75179045204EFD1A00476E17 /* Info.plist */ = {isa = PBXFileReference; lastKnownFileType = text.plist.xml; path = Info.plist; sourceTree = "<group>"; };
		751E4902209AE697003CDAE1 /* RecoverPasswordVC.swift */ = {isa = PBXFileReference; lastKnownFileType = sourcecode.swift; name = RecoverPasswordVC.swift; path = "/Volumes/Files Speed/Development/CharityApp/CharityApp/ViewControllers/RecoverPasswordVC.swift"; sourceTree = "<absolute>"; };
		7523F62D20B023E8005D8CEA /* AuthService.swift */ = {isa = PBXFileReference; lastKnownFileType = sourcecode.swift; path = AuthService.swift; sourceTree = "<group>"; };
		7523F62F20B02446005D8CEA /* User.swift */ = {isa = PBXFileReference; lastKnownFileType = sourcecode.swift; path = User.swift; sourceTree = "<group>"; };
		7523F63120B04650005D8CEA /* DataService.swift */ = {isa = PBXFileReference; lastKnownFileType = sourcecode.swift; path = DataService.swift; sourceTree = "<group>"; };
		7523F63F20B071AC005D8CEA /* RegistrationVC.swift */ = {isa = PBXFileReference; lastKnownFileType = sourcecode.swift; path = RegistrationVC.swift; sourceTree = "<group>"; };
		75246D95205059030015D506 /* SnapshotConvertible.swift */ = {isa = PBXFileReference; lastKnownFileType = sourcecode.swift; path = SnapshotConvertible.swift; sourceTree = "<group>"; };
		752B3D2820C6AFBD002A7603 /* NewsCellContainerTableVC.swift */ = {isa = PBXFileReference; lastKnownFileType = sourcecode.swift; path = NewsCellContainerTableVC.swift; sourceTree = "<group>"; };
		75308AAC2054481400AB1364 /* AccountTabVC.swift */ = {isa = PBXFileReference; lastKnownFileType = sourcecode.swift; path = AccountTabVC.swift; sourceTree = "<group>"; };
		75308AAE2054536E00AB1364 /* NewsCell.swift */ = {isa = PBXFileReference; lastKnownFileType = sourcecode.swift; path = NewsCell.swift; sourceTree = "<group>"; };
		75308AB12054549E00AB1364 /* Functions.swift */ = {isa = PBXFileReference; lastKnownFileType = sourcecode.swift; path = Functions.swift; sourceTree = "<group>"; };
		75479B6320B59CC20021B73A /* MainTabBarVC.swift */ = {isa = PBXFileReference; lastKnownFileType = sourcecode.swift; path = MainTabBarVC.swift; sourceTree = "<group>"; };
		75479B6720B5AAD20021B73A /* OrgNews.swift */ = {isa = PBXFileReference; lastKnownFileType = sourcecode.swift; path = OrgNews.swift; sourceTree = "<group>"; };
		75479B6920B5AADD0021B73A /* ProjNews.swift */ = {isa = PBXFileReference; lastKnownFileType = sourcecode.swift; path = ProjNews.swift; sourceTree = "<group>"; };
		7547FCCF20C1BFC400FE8E65 /* DonationsTabVC.swift */ = {isa = PBXFileReference; lastKnownFileType = sourcecode.swift; path = DonationsTabVC.swift; sourceTree = "<group>"; };
		7547FCD320C1C28600FE8E65 /* ConfigureProjectVC.swift */ = {isa = PBXFileReference; lastKnownFileType = sourcecode.swift; path = ConfigureProjectVC.swift; sourceTree = "<group>"; };
		7547FCD520C1C6CF00FE8E65 /* NewsTabVC.swift */ = {isa = PBXFileReference; lastKnownFileType = sourcecode.swift; path = NewsTabVC.swift; sourceTree = "<group>"; };
		755F80E6204F07EB006DAAA5 /* Project.swift */ = {isa = PBXFileReference; lastKnownFileType = sourcecode.swift; path = Project.swift; sourceTree = "<group>"; };
		756C772B20BC61120008203F /* ProjectPickerVC.swift */ = {isa = PBXFileReference; lastKnownFileType = sourcecode.swift; path = ProjectPickerVC.swift; sourceTree = "<group>"; };
		757074A220E6AA820040E90D /* NewsDetailsVC.swift */ = {isa = PBXFileReference; lastKnownFileType = sourcecode.swift; path = NewsDetailsVC.swift; sourceTree = "<group>"; };
		7578DBDF20BC797F008892D3 /* ConfigureNewsVC.swift */ = {isa = PBXFileReference; lastKnownFileType = sourcecode.swift; path = ConfigureNewsVC.swift; sourceTree = "<group>"; };
		758D7EB120B5D02900D84569 /* ProjectsTabVC.swift */ = {isa = PBXFileReference; lastKnownFileType = sourcecode.swift; path = ProjectsTabVC.swift; sourceTree = "<group>"; };
		758D7EB320B5D21D00D84569 /* UIView extension.swift */ = {isa = PBXFileReference; lastKnownFileType = sourcecode.swift; path = "UIView extension.swift"; sourceTree = "<group>"; };
		758D7EB520B5D23900D84569 /* UIViewController extension.swift */ = {isa = PBXFileReference; lastKnownFileType = sourcecode.swift; path = "UIViewController extension.swift"; sourceTree = "<group>"; };
		758D7EB720B5D25000D84569 /* UIColor extension.swift */ = {isa = PBXFileReference; lastKnownFileType = sourcecode.swift; path = "UIColor extension.swift"; sourceTree = "<group>"; };
		758D7EBB20B5D9B900D84569 /* InfoItem.swift */ = {isa = PBXFileReference; lastKnownFileType = sourcecode.swift; path = InfoItem.swift; sourceTree = "<group>"; };
		759DA1B720B723DA001AC827 /* VideoContentContainer.swift */ = {isa = PBXFileReference; lastKnownFileType = sourcecode.swift; path = VideoContentContainer.swift; sourceTree = "<group>"; };
		759DBC4E20D448DE00339582 /* ImageCell.xib */ = {isa = PBXFileReference; lastKnownFileType = file.xib; path = ImageCell.xib; sourceTree = "<group>"; };
		759DBC5020D4493C00339582 /* ImageCell.swift */ = {isa = PBXFileReference; lastKnownFileType = sourcecode.swift; path = ImageCell.swift; sourceTree = "<group>"; };
		75A0968C20E23C4D00090EE5 /* AccountTab.storyboard */ = {isa = PBXFileReference; lastKnownFileType = file.storyboard; path = AccountTab.storyboard; sourceTree = "<group>"; };
		75A0968F20E23D0A00090EE5 /* DonationsTab.storyboard */ = {isa = PBXFileReference; lastKnownFileType = file.storyboard; path = DonationsTab.storyboard; sourceTree = "<group>"; };
		75A0969120E23D5100090EE5 /* HomeTab.storyboard */ = {isa = PBXFileReference; lastKnownFileType = file.storyboard; path = HomeTab.storyboard; sourceTree = "<group>"; };
		75A0969320E23D6300090EE5 /* ProjectsTab.storyboard */ = {isa = PBXFileReference; lastKnownFileType = file.storyboard; path = ProjectsTab.storyboard; sourceTree = "<group>"; };
		75A0969520E23D7500090EE5 /* NewsFeedTab.storyboard */ = {isa = PBXFileReference; lastKnownFileType = file.storyboard; path = NewsFeedTab.storyboard; sourceTree = "<group>"; };
		75A5F3D0204EFF6600137D28 /* CharityApp-Bridging-Header.h */ = {isa = PBXFileReference; lastKnownFileType = sourcecode.c.h; path = "CharityApp-Bridging-Header.h"; sourceTree = "<group>"; };
		75A5F3D5204F00C000137D28 /* News.swift */ = {isa = PBXFileReference; lastKnownFileType = sourcecode.swift; path = News.swift; sourceTree = "<group>"; };
		75A5F3D7204F00E500137D28 /* ImageContentContainer.swift */ = {isa = PBXFileReference; lastKnownFileType = sourcecode.swift; path = ImageContentContainer.swift; sourceTree = "<group>"; };
		75A5F3D9204F013C00137D28 /* NewsContainer.swift */ = {isa = PBXFileReference; lastKnownFileType = sourcecode.swift; path = NewsContainer.swift; sourceTree = "<group>"; };
		75A5F3DD204F01E200137D28 /* Organization.swift */ = {isa = PBXFileReference; lastKnownFileType = sourcecode.swift; path = Organization.swift; sourceTree = "<group>"; };
		75B0024020C5B74A007B8435 /* ProjectDetailsVC.swift */ = {isa = PBXFileReference; lastKnownFileType = sourcecode.swift; path = ProjectDetailsVC.swift; sourceTree = "<group>"; };
		75BF5D4320978873000AFFB2 /* LoginVC.swift */ = {isa = PBXFileReference; lastKnownFileType = sourcecode.swift; path = LoginVC.swift; sourceTree = "<group>"; };
		75CCDE6420C6D26A00B79510 /* NotificationSenderService.swift */ = {isa = PBXFileReference; lastKnownFileType = sourcecode.swift; path = NotificationSenderService.swift; sourceTree = "<group>"; };
		75CCDE6620C6FE6100B79510 /* OrganizationInfoCell.swift */ = {isa = PBXFileReference; lastKnownFileType = sourcecode.swift; path = OrganizationInfoCell.swift; sourceTree = "<group>"; };
		75CCDE6A20C7092F00B79510 /* UIImageView+DownloadImage.swift */ = {isa = PBXFileReference; lastKnownFileType = sourcecode.swift; path = "UIImageView+DownloadImage.swift"; sourceTree = "<group>"; };
		75D8283020D830D70069FFB1 /* ProjectNewsCell.swift */ = {isa = PBXFileReference; lastKnownFileType = sourcecode.swift; path = ProjectNewsCell.swift; sourceTree = "<group>"; };
		75D8283220D831150069FFB1 /* OrganizationNewsCell.swift */ = {isa = PBXFileReference; lastKnownFileType = sourcecode.swift; path = OrganizationNewsCell.swift; sourceTree = "<group>"; };
		75D8283420D83A220069FFB1 /* OrganizationNewsCell.xib */ = {isa = PBXFileReference; lastKnownFileType = file.xib; path = OrganizationNewsCell.xib; sourceTree = "<group>"; };
		75F2365D209CA2F1007AC1D2 /* Assets.xcassets */ = {isa = PBXFileReference; lastKnownFileType = folder.assetcatalog; name = Assets.xcassets; path = CharityApp/Assets.xcassets; sourceTree = SOURCE_ROOT; };
		75FECA42204EFE8A00003210 /* GoogleService-Info.plist */ = {isa = PBXFileReference; fileEncoding = 4; lastKnownFileType = text.plist.xml; path = "GoogleService-Info.plist"; sourceTree = "<group>"; };
/* End PBXFileReference section */

/* Begin PBXFrameworksBuildPhase section */
		75179033204EFD1A00476E17 /* Frameworks */ = {
			isa = PBXFrameworksBuildPhase;
			buildActionMask = 2147483647;
			files = (
				84DF44B8240A11C6AFED4CA6 /* Pods_CharityApp.framework in Frameworks */,
			);
			runOnlyForDeploymentPostprocessing = 0;
		};
/* End PBXFrameworksBuildPhase section */

/* Begin PBXGroup section */
		472990B199C3377ACEF84D5E /* Frameworks */ = {
			isa = PBXGroup;
			children = (
				3C2B44918CC1D63D0426659A /* Pods_CharityApp.framework */,
			);
			name = Frameworks;
			sourceTree = "<group>";
		};
		61578367975F25B3E6002A2A /* Pods */ = {
			isa = PBXGroup;
			children = (
				19A8CD0548096350A1118D67 /* Pods-CharityApp.debug.xcconfig */,
				351D9F021CBE898F11AA1E9E /* Pods-CharityApp.release.xcconfig */,
			);
			name = Pods;
			sourceTree = "<group>";
		};
		7517902D204EFD1A00476E17 = {
			isa = PBXGroup;
			children = (
				75179038204EFD1A00476E17 /* CharityApp */,
				75179037204EFD1A00476E17 /* Products */,
				61578367975F25B3E6002A2A /* Pods */,
				472990B199C3377ACEF84D5E /* Frameworks */,
			);
			sourceTree = "<group>";
		};
		75179037204EFD1A00476E17 /* Products */ = {
			isa = PBXGroup;
			children = (
				75179036204EFD1A00476E17 /* CharityApp.app */,
			);
			name = Products;
			sourceTree = "<group>";
		};
		75179038204EFD1A00476E17 /* CharityApp */ = {
			isa = PBXGroup;
			children = (
				75F2365D209CA2F1007AC1D2 /* Assets.xcassets */,
				75AC197920BC3A9700C0C89A /* Extensions */,
				75179045204EFD1A00476E17 /* Info.plist */,
				7517904C204EFD3B00476E17 /* Layouts */,
				75A5F3D1204EFFFE00137D28 /* Model */,
				7517904D204EFD5B00476E17 /* Other */,
				75F2365F209CA5C6007AC1D2 /* Views */,
				7523F62C20B023CB005D8CEA /* Services */,
				7517904B204EFD2B00476E17 /* Support Files */,
				7517904E204EFD6500476E17 /* ViewControllers */,
			);
			path = CharityApp;
			sourceTree = "<group>";
		};
		7517904B204EFD2B00476E17 /* Support Files */ = {
			isa = PBXGroup;
			children = (
				75FECA42204EFE8A00003210 /* GoogleService-Info.plist */,
				75A5F3D0204EFF6600137D28 /* CharityApp-Bridging-Header.h */,
			);
			path = "Support Files";
			sourceTree = "<group>";
		};
		7517904C204EFD3B00476E17 /* Layouts */ = {
			isa = PBXGroup;
			children = (
				75A0968E20E23C5800090EE5 /* Storyboards */,
				750A2D8520C5A035005937AD /* ProjectNewsCell.xib */,
				759DBC4E20D448DE00339582 /* ImageCell.xib */,
				7501C44A20D59DAB00DDD9D1 /* ImageMosaicView.xib */,
				75D8283420D83A220069FFB1 /* OrganizationNewsCell.xib */,
			);
			path = Layouts;
			sourceTree = "<group>";
		};
		7517904D204EFD5B00476E17 /* Other */ = {
			isa = PBXGroup;
			children = (
				75179039204EFD1A00476E17 /* AppDelegate.swift */,
				75308AB12054549E00AB1364 /* Functions.swift */,
			);
			path = Other;
			sourceTree = "<group>";
		};
		7517904E204EFD6500476E17 /* ViewControllers */ = {
			isa = PBXGroup;
			children = (
				752954A22136A68600C3BF9F /* Main Storyboard */,
				752954A32136A6F000C3BF9F /* Tabs */,
				752B3D2820C6AFBD002A7603 /* NewsCellContainerTableVC.swift */,
			);
			path = ViewControllers;
			sourceTree = "<group>";
		};
		7523F62C20B023CB005D8CEA /* Services */ = {
			isa = PBXGroup;
			children = (
				7523F62D20B023E8005D8CEA /* AuthService.swift */,
				7523F63120B04650005D8CEA /* DataService.swift */,
				75CCDE6420C6D26A00B79510 /* NotificationSenderService.swift */,
			);
			path = Services;
			sourceTree = "<group>";
		};
		752954A12136A59900C3BF9F /* Cells */ = {
			isa = PBXGroup;
			children = (
				757074A020E6A9F10040E90D /* NewsCell */,
				7513ECFE20BF1E8C001D79EA /* ProjectCell.swift */,
				75CCDE6620C6FE6100B79510 /* OrganizationInfoCell.swift */,
				759DBC5020D4493C00339582 /* ImageCell.swift */,
			);
			path = Cells;
			sourceTree = "<group>";
		};
		752954A22136A68600C3BF9F /* Main Storyboard */ = {
			isa = PBXGroup;
			children = (
				75BF5D4320978873000AFFB2 /* LoginVC.swift */,
				75479B6320B59CC20021B73A /* MainTabBarVC.swift */,
				751E4902209AE697003CDAE1 /* RecoverPasswordVC.swift */,
				7523F63F20B071AC005D8CEA /* RegistrationVC.swift */,
			);
			path = "Main Storyboard";
			sourceTree = "<group>";
		};
		752954A32136A6F000C3BF9F /* Tabs */ = {
			isa = PBXGroup;
			children = (
				752954A52136A74B00C3BF9F /* HomeTab */,
				752954A72136A7A200C3BF9F /* ProjectsTab */,
				752954A82136A80B00C3BF9F /* NewsFeedTab */,
				752954A92136A86000C3BF9F /* DonationsTab */,
				752954AA2136A8A300C3BF9F /* AccountTab */,
			);
			path = Tabs;
			sourceTree = "<group>";
		};
		752954A52136A74B00C3BF9F /* HomeTab */ = {
			isa = PBXGroup;
			children = (
				7517903B204EFD1A00476E17 /* HomeTabVC.swift */,
				7578DBDF20BC797F008892D3 /* ConfigureNewsVC.swift */,
				756C772B20BC61120008203F /* ProjectPickerVC.swift */,
			);
			path = HomeTab;
			sourceTree = "<group>";
		};
		752954A72136A7A200C3BF9F /* ProjectsTab */ = {
			isa = PBXGroup;
			children = (
				758D7EB120B5D02900D84569 /* ProjectsTabVC.swift */,
				75B0024020C5B74A007B8435 /* ProjectDetailsVC.swift */,
				7547FCD320C1C28600FE8E65 /* ConfigureProjectVC.swift */,
			);
			path = ProjectsTab;
			sourceTree = "<group>";
		};
		752954A82136A80B00C3BF9F /* NewsFeedTab */ = {
			isa = PBXGroup;
			children = (
				7547FCD520C1C6CF00FE8E65 /* NewsTabVC.swift */,
				757074A120E6AA0F0040E90D /* NewsDetailsVC */,
			);
			path = NewsFeedTab;
			sourceTree = "<group>";
		};
		752954A92136A86000C3BF9F /* DonationsTab */ = {
			isa = PBXGroup;
			children = (
				7547FCCF20C1BFC400FE8E65 /* DonationsTabVC.swift */,
			);
			path = DonationsTab;
			sourceTree = "<group>";
		};
		752954AA2136A8A300C3BF9F /* AccountTab */ = {
			isa = PBXGroup;
			children = (
				75308AAC2054481400AB1364 /* AccountTabVC.swift */,
			);
			path = AccountTab;
			sourceTree = "<group>";
		};
		757074A020E6A9F10040E90D /* NewsCell */ = {
			isa = PBXGroup;
			children = (
				75308AAE2054536E00AB1364 /* NewsCell.swift */,
				75D8283020D830D70069FFB1 /* ProjectNewsCell.swift */,
				75D8283220D831150069FFB1 /* OrganizationNewsCell.swift */,
			);
			path = NewsCell;
			sourceTree = "<group>";
		};
		757074A120E6AA0F0040E90D /* NewsDetailsVC */ = {
			isa = PBXGroup;
			children = (
				757074A220E6AA820040E90D /* NewsDetailsVC.swift */,
			);
			path = NewsDetailsVC;
			sourceTree = "<group>";
		};
		75A0968E20E23C5800090EE5 /* Storyboards */ = {
			isa = PBXGroup;
			children = (
				75A0968C20E23C4D00090EE5 /* AccountTab.storyboard */,
				75A0968F20E23D0A00090EE5 /* DonationsTab.storyboard */,
				75A0969120E23D5100090EE5 /* HomeTab.storyboard */,
				75179042204EFD1A00476E17 /* LaunchScreen.storyboard */,
				7517903D204EFD1A00476E17 /* Main.storyboard */,
				75A0969520E23D7500090EE5 /* NewsFeedTab.storyboard */,
				75A0969320E23D6300090EE5 /* ProjectsTab.storyboard */,
			);
			path = Storyboards;
			sourceTree = "<group>";
		};
		75A5F3D1204EFFFE00137D28 /* Model */ = {
			isa = PBXGroup;
			children = (
				755F80E6204F07EB006DAAA5 /* Project.swift */,
				75A5F3DD204F01E200137D28 /* Organization.swift */,
				7523F62F20B02446005D8CEA /* User.swift */,
				75479B6920B5AADD0021B73A /* ProjNews.swift */,
				75479B6720B5AAD20021B73A /* OrgNews.swift */,
				758D7EBB20B5D9B900D84569 /* InfoItem.swift */,
				75A5F3D5204F00C000137D28 /* News.swift */,
				75A5F3D2204F000400137D28 /* Protocols */,
			);
			path = Model;
			sourceTree = "<group>";
		};
		75A5F3D2204F000400137D28 /* Protocols */ = {
			isa = PBXGroup;
			children = (
				75246D95205059030015D506 /* SnapshotConvertible.swift */,
				75A5F3D7204F00E500137D28 /* ImageContentContainer.swift */,
				75A5F3D9204F013C00137D28 /* NewsContainer.swift */,
				759DA1B720B723DA001AC827 /* VideoContentContainer.swift */,
			);
			path = Protocols;
			sourceTree = "<group>";
		};
		75AC197920BC3A9700C0C89A /* Extensions */ = {
			isa = PBXGroup;
			children = (
				758D7EB320B5D21D00D84569 /* UIView extension.swift */,
				758D7EB520B5D23900D84569 /* UIViewController extension.swift */,
				758D7EB720B5D25000D84569 /* UIColor extension.swift */,
				75CCDE6A20C7092F00B79510 /* UIImageView+DownloadImage.swift */,
			);
			path = Extensions;
			sourceTree = "<group>";
		};
		75F2365F209CA5C6007AC1D2 /* Views */ = {
			isa = PBXGroup;
			children = (
				752954A12136A59900C3BF9F /* Cells */,
				7501C44C20D5A06500DDD9D1 /* ImageMosaicView.swift */,
			);
			path = Views;
			sourceTree = "<group>";
		};
/* End PBXGroup section */

/* Begin PBXNativeTarget section */
		75179035204EFD1A00476E17 /* CharityApp */ = {
			isa = PBXNativeTarget;
			buildConfigurationList = 75179048204EFD1A00476E17 /* Build configuration list for PBXNativeTarget "CharityApp" */;
			buildPhases = (
				BBD323D6ED177BF2D00B9FB8 /* [CP] Check Pods Manifest.lock */,
				75179032204EFD1A00476E17 /* Sources */,
				75179033204EFD1A00476E17 /* Frameworks */,
				75179034204EFD1A00476E17 /* Resources */,
				F52E8E293E3F9E152370B5F2 /* [CP] Embed Pods Frameworks */,
			);
			buildRules = (
			);
			dependencies = (
			);
			name = CharityApp;
			productName = CharityApp;
			productReference = 75179036204EFD1A00476E17 /* CharityApp.app */;
			productType = "com.apple.product-type.application";
		};
/* End PBXNativeTarget section */

/* Begin PBXProject section */
		7517902E204EFD1A00476E17 /* Project object */ = {
			isa = PBXProject;
			attributes = {
				LastSwiftUpdateCheck = 0920;
				LastUpgradeCheck = 0930;
				ORGANIZATIONNAME = Artur;
				TargetAttributes = {
					75179035204EFD1A00476E17 = {
						CreatedOnToolsVersion = 9.2;
						ProvisioningStyle = Automatic;
					};
				};
			};
			buildConfigurationList = 75179031204EFD1A00476E17 /* Build configuration list for PBXProject "CharityApp" */;
			compatibilityVersion = "Xcode 8.0";
			developmentRegion = en;
			hasScannedForEncodings = 0;
			knownRegions = (
				en,
				Base,
			);
			mainGroup = 7517902D204EFD1A00476E17;
			productRefGroup = 75179037204EFD1A00476E17 /* Products */;
			projectDirPath = "";
			projectRoot = "";
			targets = (
				75179035204EFD1A00476E17 /* CharityApp */,
			);
		};
/* End PBXProject section */

/* Begin PBXResourcesBuildPhase section */
		75179034204EFD1A00476E17 /* Resources */ = {
			isa = PBXResourcesBuildPhase;
			buildActionMask = 2147483647;
			files = (
				75179044204EFD1A00476E17 /* LaunchScreen.storyboard in Resources */,
				75FECA43204EFE8A00003210 /* GoogleService-Info.plist in Resources */,
				750A2D8620C5A035005937AD /* ProjectNewsCell.xib in Resources */,
				75A0968D20E23C4D00090EE5 /* AccountTab.storyboard in Resources */,
				75A0969020E23D0A00090EE5 /* DonationsTab.storyboard in Resources */,
				75A0969220E23D5100090EE5 /* HomeTab.storyboard in Resources */,
				75A0969620E23D7500090EE5 /* NewsFeedTab.storyboard in Resources */,
				75D8283520D83A220069FFB1 /* OrganizationNewsCell.xib in Resources */,
				759DBC4F20D448DE00339582 /* ImageCell.xib in Resources */,
				7517903F204EFD1A00476E17 /* Main.storyboard in Resources */,
				75F2365E209CA2F1007AC1D2 /* Assets.xcassets in Resources */,
				75A0969420E23D6300090EE5 /* ProjectsTab.storyboard in Resources */,
				7501C44B20D59DAB00DDD9D1 /* ImageMosaicView.xib in Resources */,
			);
			runOnlyForDeploymentPostprocessing = 0;
		};
/* End PBXResourcesBuildPhase section */

/* Begin PBXShellScriptBuildPhase section */
		BBD323D6ED177BF2D00B9FB8 /* [CP] Check Pods Manifest.lock */ = {
			isa = PBXShellScriptBuildPhase;
			buildActionMask = 2147483647;
			files = (
			);
			inputPaths = (
				"${PODS_PODFILE_DIR_PATH}/Podfile.lock",
				"${PODS_ROOT}/Manifest.lock",
			);
			name = "[CP] Check Pods Manifest.lock";
			outputPaths = (
				"$(DERIVED_FILE_DIR)/Pods-CharityApp-checkManifestLockResult.txt",
			);
			runOnlyForDeploymentPostprocessing = 0;
			shellPath = /bin/sh;
			shellScript = "diff \"${PODS_PODFILE_DIR_PATH}/Podfile.lock\" \"${PODS_ROOT}/Manifest.lock\" > /dev/null\nif [ $? != 0 ] ; then\n    # print error to STDERR\n    echo \"error: The sandbox is not in sync with the Podfile.lock. Run 'pod install' or update your CocoaPods installation.\" >&2\n    exit 1\nfi\n# This output is used by Xcode 'outputs' to avoid re-running this script phase.\necho \"SUCCESS\" > \"${SCRIPT_OUTPUT_FILE_0}\"\n";
			showEnvVarsInLog = 0;
		};
		F52E8E293E3F9E152370B5F2 /* [CP] Embed Pods Frameworks */ = {
			isa = PBXShellScriptBuildPhase;
			buildActionMask = 2147483647;
			files = (
			);
			inputPaths = (
				"${SRCROOT}/Pods/Target Support Files/Pods-CharityApp/Pods-CharityApp-frameworks.sh",
				"${BUILT_PRODUCTS_DIR}/GTMSessionFetcher/GTMSessionFetcher.framework",
				"${BUILT_PRODUCTS_DIR}/GoogleToolboxForMac/GoogleToolboxForMac.framework",
				"${BUILT_PRODUCTS_DIR}/Protobuf/Protobuf.framework",
				"${BUILT_PRODUCTS_DIR}/leveldb-library/leveldb.framework",
				"${BUILT_PRODUCTS_DIR}/nanopb/nanopb.framework",
			);
			name = "[CP] Embed Pods Frameworks";
			outputPaths = (
				"${TARGET_BUILD_DIR}/${FRAMEWORKS_FOLDER_PATH}/GTMSessionFetcher.framework",
				"${TARGET_BUILD_DIR}/${FRAMEWORKS_FOLDER_PATH}/GoogleToolboxForMac.framework",
				"${TARGET_BUILD_DIR}/${FRAMEWORKS_FOLDER_PATH}/Protobuf.framework",
				"${TARGET_BUILD_DIR}/${FRAMEWORKS_FOLDER_PATH}/leveldb.framework",
				"${TARGET_BUILD_DIR}/${FRAMEWORKS_FOLDER_PATH}/nanopb.framework",
			);
			runOnlyForDeploymentPostprocessing = 0;
			shellPath = /bin/sh;
			shellScript = "\"${SRCROOT}/Pods/Target Support Files/Pods-CharityApp/Pods-CharityApp-frameworks.sh\"\n";
			showEnvVarsInLog = 0;
		};
/* End PBXShellScriptBuildPhase section */

/* Begin PBXSourcesBuildPhase section */
		75179032204EFD1A00476E17 /* Sources */ = {
			isa = PBXSourcesBuildPhase;
			buildActionMask = 2147483647;
			files = (
				75246D96205059030015D506 /* SnapshotConvertible.swift in Sources */,
				758D7EB420B5D21D00D84569 /* UIView extension.swift in Sources */,
				757074A320E6AA820040E90D /* NewsDetailsVC.swift in Sources */,
				75B0024120C5B74A007B8435 /* ProjectDetailsVC.swift in Sources */,
				75CCDE6520C6D26A00B79510 /* NotificationSenderService.swift in Sources */,
				752B3D2920C6AFBD002A7603 /* NewsCellContainerTableVC.swift in Sources */,
				7547FCD420C1C28600FE8E65 /* ConfigureProjectVC.swift in Sources */,
				75A5F3DA204F013C00137D28 /* NewsContainer.swift in Sources */,
				75CCDE6720C6FE6100B79510 /* OrganizationInfoCell.swift in Sources */,
				7513ECFF20BF1E8C001D79EA /* ProjectCell.swift in Sources */,
				75D8283120D830D70069FFB1 /* ProjectNewsCell.swift in Sources */,
				7501C44D20D5A06500DDD9D1 /* ImageMosaicView.swift in Sources */,
				755F80E7204F07EB006DAAA5 /* Project.swift in Sources */,
				759DA1B820B723DA001AC827 /* VideoContentContainer.swift in Sources */,
				75308AAD2054481400AB1364 /* AccountTabVC.swift in Sources */,
				75BF5D4420978873000AFFB2 /* LoginVC.swift in Sources */,
				7523F62E20B023E8005D8CEA /* AuthService.swift in Sources */,
				758D7EBC20B5D9B900D84569 /* InfoItem.swift in Sources */,
				758D7EB220B5D02900D84569 /* ProjectsTabVC.swift in Sources */,
				75A5F3D6204F00C000137D28 /* News.swift in Sources */,
				75A5F3DE204F01E200137D28 /* Organization.swift in Sources */,
				75479B6A20B5AADD0021B73A /* ProjNews.swift in Sources */,
				7578DBE020BC797F008892D3 /* ConfigureNewsVC.swift in Sources */,
				756C772C20BC61120008203F /* ProjectPickerVC.swift in Sources */,
				758D7EB820B5D25000D84569 /* UIColor extension.swift in Sources */,
				75479B6420B59CC20021B73A /* MainTabBarVC.swift in Sources */,
				75479B6820B5AAD20021B73A /* OrgNews.swift in Sources */,
				7523F64020B071AC005D8CEA /* RegistrationVC.swift in Sources */,
				758D7EB620B5D23900D84569 /* UIViewController extension.swift in Sources */,
				75308AB22054549E00AB1364 /* Functions.swift in Sources */,
				7523F63220B04650005D8CEA /* DataService.swift in Sources */,
				7547FCD020C1BFC400FE8E65 /* DonationsTabVC.swift in Sources */,
				75A5F3D8204F00E500137D28 /* ImageContentContainer.swift in Sources */,
				75D8283320D831150069FFB1 /* OrganizationNewsCell.swift in Sources */,
				75308AAF2054536E00AB1364 /* NewsCell.swift in Sources */,
				7517903C204EFD1A00476E17 /* HomeTabVC.swift in Sources */,
				7517903A204EFD1A00476E17 /* AppDelegate.swift in Sources */,
				751E4903209AE697003CDAE1 /* RecoverPasswordVC.swift in Sources */,
				75CCDE6B20C7092F00B79510 /* UIImageView+DownloadImage.swift in Sources */,
				7523F63020B02446005D8CEA /* User.swift in Sources */,
				7547FCD620C1C6CF00FE8E65 /* NewsTabVC.swift in Sources */,
				759DBC5120D4493C00339582 /* ImageCell.swift in Sources */,
			);
			runOnlyForDeploymentPostprocessing = 0;
		};
/* End PBXSourcesBuildPhase section */

/* Begin PBXVariantGroup section */
		7517903D204EFD1A00476E17 /* Main.storyboard */ = {
			isa = PBXVariantGroup;
			children = (
				7517903E204EFD1A00476E17 /* Base */,
			);
			name = Main.storyboard;
			sourceTree = "<group>";
		};
		75179042204EFD1A00476E17 /* LaunchScreen.storyboard */ = {
			isa = PBXVariantGroup;
			children = (
				75179043204EFD1A00476E17 /* Base */,
			);
			name = LaunchScreen.storyboard;
			sourceTree = "<group>";
		};
/* End PBXVariantGroup section */

/* Begin XCBuildConfiguration section */
		75179046204EFD1A00476E17 /* Debug */ = {
			isa = XCBuildConfiguration;
			buildSettings = {
				ALWAYS_SEARCH_USER_PATHS = NO;
				CLANG_ANALYZER_NONNULL = YES;
				CLANG_ANALYZER_NUMBER_OBJECT_CONVERSION = YES_AGGRESSIVE;
				CLANG_CXX_LANGUAGE_STANDARD = "gnu++14";
				CLANG_CXX_LIBRARY = "libc++";
				CLANG_ENABLE_MODULES = YES;
				CLANG_ENABLE_OBJC_ARC = YES;
				CLANG_WARN_BLOCK_CAPTURE_AUTORELEASING = YES;
				CLANG_WARN_BOOL_CONVERSION = YES;
				CLANG_WARN_COMMA = YES;
				CLANG_WARN_CONSTANT_CONVERSION = YES;
				CLANG_WARN_DEPRECATED_OBJC_IMPLEMENTATIONS = YES;
				CLANG_WARN_DIRECT_OBJC_ISA_USAGE = YES_ERROR;
				CLANG_WARN_DOCUMENTATION_COMMENTS = YES;
				CLANG_WARN_EMPTY_BODY = YES;
				CLANG_WARN_ENUM_CONVERSION = YES;
				CLANG_WARN_INFINITE_RECURSION = YES;
				CLANG_WARN_INT_CONVERSION = YES;
				CLANG_WARN_NON_LITERAL_NULL_CONVERSION = YES;
				CLANG_WARN_OBJC_IMPLICIT_RETAIN_SELF = YES;
				CLANG_WARN_OBJC_LITERAL_CONVERSION = YES;
				CLANG_WARN_OBJC_ROOT_CLASS = YES_ERROR;
				CLANG_WARN_RANGE_LOOP_ANALYSIS = YES;
				CLANG_WARN_STRICT_PROTOTYPES = YES;
				CLANG_WARN_SUSPICIOUS_MOVE = YES;
				CLANG_WARN_UNGUARDED_AVAILABILITY = YES_AGGRESSIVE;
				CLANG_WARN_UNREACHABLE_CODE = YES;
				CLANG_WARN__DUPLICATE_METHOD_MATCH = YES;
				CODE_SIGN_IDENTITY = "iPhone Developer";
				COPY_PHASE_STRIP = NO;
				DEBUG_INFORMATION_FORMAT = dwarf;
				ENABLE_STRICT_OBJC_MSGSEND = YES;
				ENABLE_TESTABILITY = YES;
				GCC_C_LANGUAGE_STANDARD = gnu11;
				GCC_DYNAMIC_NO_PIC = NO;
				GCC_NO_COMMON_BLOCKS = YES;
				GCC_OPTIMIZATION_LEVEL = 0;
				GCC_PREPROCESSOR_DEFINITIONS = (
					"DEBUG=1",
					"$(inherited)",
				);
				GCC_WARN_64_TO_32_BIT_CONVERSION = YES;
				GCC_WARN_ABOUT_RETURN_TYPE = YES_ERROR;
				GCC_WARN_UNDECLARED_SELECTOR = YES;
				GCC_WARN_UNINITIALIZED_AUTOS = YES_AGGRESSIVE;
				GCC_WARN_UNUSED_FUNCTION = YES;
				GCC_WARN_UNUSED_VARIABLE = YES;
				IPHONEOS_DEPLOYMENT_TARGET = 10.3;
				MTL_ENABLE_DEBUG_INFO = YES;
				ONLY_ACTIVE_ARCH = YES;
				SDKROOT = iphoneos;
				SWIFT_ACTIVE_COMPILATION_CONDITIONS = DEBUG;
				SWIFT_OPTIMIZATION_LEVEL = "-Onone";
			};
			name = Debug;
		};
		75179047204EFD1A00476E17 /* Release */ = {
			isa = XCBuildConfiguration;
			buildSettings = {
				ALWAYS_SEARCH_USER_PATHS = NO;
				CLANG_ANALYZER_NONNULL = YES;
				CLANG_ANALYZER_NUMBER_OBJECT_CONVERSION = YES_AGGRESSIVE;
				CLANG_CXX_LANGUAGE_STANDARD = "gnu++14";
				CLANG_CXX_LIBRARY = "libc++";
				CLANG_ENABLE_MODULES = YES;
				CLANG_ENABLE_OBJC_ARC = YES;
				CLANG_WARN_BLOCK_CAPTURE_AUTORELEASING = YES;
				CLANG_WARN_BOOL_CONVERSION = YES;
				CLANG_WARN_COMMA = YES;
				CLANG_WARN_CONSTANT_CONVERSION = YES;
				CLANG_WARN_DEPRECATED_OBJC_IMPLEMENTATIONS = YES;
				CLANG_WARN_DIRECT_OBJC_ISA_USAGE = YES_ERROR;
				CLANG_WARN_DOCUMENTATION_COMMENTS = YES;
				CLANG_WARN_EMPTY_BODY = YES;
				CLANG_WARN_ENUM_CONVERSION = YES;
				CLANG_WARN_INFINITE_RECURSION = YES;
				CLANG_WARN_INT_CONVERSION = YES;
				CLANG_WARN_NON_LITERAL_NULL_CONVERSION = YES;
				CLANG_WARN_OBJC_IMPLICIT_RETAIN_SELF = YES;
				CLANG_WARN_OBJC_LITERAL_CONVERSION = YES;
				CLANG_WARN_OBJC_ROOT_CLASS = YES_ERROR;
				CLANG_WARN_RANGE_LOOP_ANALYSIS = YES;
				CLANG_WARN_STRICT_PROTOTYPES = YES;
				CLANG_WARN_SUSPICIOUS_MOVE = YES;
				CLANG_WARN_UNGUARDED_AVAILABILITY = YES_AGGRESSIVE;
				CLANG_WARN_UNREACHABLE_CODE = YES;
				CLANG_WARN__DUPLICATE_METHOD_MATCH = YES;
				CODE_SIGN_IDENTITY = "iPhone Developer";
				COPY_PHASE_STRIP = NO;
				DEBUG_INFORMATION_FORMAT = "dwarf-with-dsym";
				ENABLE_NS_ASSERTIONS = NO;
				ENABLE_STRICT_OBJC_MSGSEND = YES;
				GCC_C_LANGUAGE_STANDARD = gnu11;
				GCC_NO_COMMON_BLOCKS = YES;
				GCC_WARN_64_TO_32_BIT_CONVERSION = YES;
				GCC_WARN_ABOUT_RETURN_TYPE = YES_ERROR;
				GCC_WARN_UNDECLARED_SELECTOR = YES;
				GCC_WARN_UNINITIALIZED_AUTOS = YES_AGGRESSIVE;
				GCC_WARN_UNUSED_FUNCTION = YES;
				GCC_WARN_UNUSED_VARIABLE = YES;
				IPHONEOS_DEPLOYMENT_TARGET = 10.3;
				MTL_ENABLE_DEBUG_INFO = NO;
				SDKROOT = iphoneos;
				SWIFT_OPTIMIZATION_LEVEL = "-Owholemodule";
				VALIDATE_PRODUCT = YES;
			};
			name = Release;
		};
		75179049204EFD1A00476E17 /* Debug */ = {
			isa = XCBuildConfiguration;
			baseConfigurationReference = 19A8CD0548096350A1118D67 /* Pods-CharityApp.debug.xcconfig */;
			buildSettings = {
				ASSETCATALOG_COMPILER_APPICON_NAME = AppIcon;
				CODE_SIGN_IDENTITY = "iPhone Developer";
				CODE_SIGN_STYLE = Automatic;
				DEVELOPMENT_TEAM = 6D4PZMC7DM;
				INFOPLIST_FILE = "$(SRCROOT)/CharityApp/Info.plist";
				IPHONEOS_DEPLOYMENT_TARGET = 10.3;
				LD_RUNPATH_SEARCH_PATHS = "$(inherited) @executable_path/Frameworks";
				PRODUCT_BUNDLE_IDENTIFIER = ArthurCode.CharityApp;
				PRODUCT_NAME = "$(TARGET_NAME)";
				PROVISIONING_PROFILE_SPECIFIER = "";
				SWIFT_VERSION = 4.0;
				TARGETED_DEVICE_FAMILY = "1,2";
			};
			name = Debug;
		};
		7517904A204EFD1A00476E17 /* Release */ = {
			isa = XCBuildConfiguration;
			baseConfigurationReference = 351D9F021CBE898F11AA1E9E /* Pods-CharityApp.release.xcconfig */;
			buildSettings = {
				ASSETCATALOG_COMPILER_APPICON_NAME = AppIcon;
				CODE_SIGN_IDENTITY = "iPhone Developer";
				CODE_SIGN_STYLE = Automatic;
				DEVELOPMENT_TEAM = 6D4PZMC7DM;
				INFOPLIST_FILE = "$(SRCROOT)/CharityApp/Info.plist";
				IPHONEOS_DEPLOYMENT_TARGET = 10.3;
				LD_RUNPATH_SEARCH_PATHS = "$(inherited) @executable_path/Frameworks";
				PRODUCT_BUNDLE_IDENTIFIER = ArthurCode.CharityApp;
				PRODUCT_NAME = "$(TARGET_NAME)";
				PROVISIONING_PROFILE_SPECIFIER = "";
				SWIFT_VERSION = 4.0;
				TARGETED_DEVICE_FAMILY = "1,2";
			};
			name = Release;
		};
/* End XCBuildConfiguration section */

/* Begin XCConfigurationList section */
		75179031204EFD1A00476E17 /* Build configuration list for PBXProject "CharityApp" */ = {
			isa = XCConfigurationList;
			buildConfigurations = (
				75179046204EFD1A00476E17 /* Debug */,
				75179047204EFD1A00476E17 /* Release */,
			);
			defaultConfigurationIsVisible = 0;
			defaultConfigurationName = Release;
		};
		75179048204EFD1A00476E17 /* Build configuration list for PBXNativeTarget "CharityApp" */ = {
			isa = XCConfigurationList;
			buildConfigurations = (
				75179049204EFD1A00476E17 /* Debug */,
				7517904A204EFD1A00476E17 /* Release */,
			);
			defaultConfigurationIsVisible = 0;
			defaultConfigurationName = Release;
		};
/* End XCConfigurationList section */
	};
	rootObject = 7517902E204EFD1A00476E17 /* Project object */;
}
